
Microsoft Visual Studio Solution File, Format Version 12.00
# Visual Studio Version 17
VisualStudioVersion = 17.3.32929.385
MinimumVisualStudioVersion = 10.0.40219.1
Project("{9A19103F-16F7-4668-BE54-9A1E7A4F7556}") = "Employee", "Employee.csproj", "{686403A5-87D9-4D64-8AA2-BA563A9D7AC4}"
EndProject
Project("{2150E333-8FDC-42A3-9474-1A3956D46DE8}") = "Элементы решения", "Элементы решения", "{0FAFC987-AA87-4FBF-BFBA-13CCB25ED3AC}"
	ProjectSection(SolutionItems) = preProject
		Employe.cs = Employe.cs
	EndProjectSection
EndProject
Global
	GlobalSection(SolutionConfigurationPlatforms) = preSolution
		Debug|Any CPU = Debug|Any CPU
		Release|Any CPU = Release|Any CPU
	EndGlobalSection
	GlobalSection(ProjectConfigurationPlatforms) = postSolution
		{686403A5-87D9-4D64-8AA2-BA563A9D7AC4}.Debug|Any CPU.ActiveCfg = Debug|Any CPU
		{686403A5-87D9-4D64-8AA2-BA563A9D7AC4}.Debug|Any CPU.Build.0 = Debug|Any CPU
		{686403A5-87D9-4D64-8AA2-BA563A9D7AC4}.Release|Any CPU.ActiveCfg = Release|Any CPU
		{686403A5-87D9-4D64-8AA2-BA563A9D7AC4}.Release|Any CPU.Build.0 = Release|Any CPU
	EndGlobalSection
	GlobalSection(SolutionProperties) = preSolution
		HideSolutionNode = FALSE
	EndGlobalSection
	GlobalSection(ExtensibilityGlobals) = postSolution
		SolutionGuid = {192F0F08-D11C-42B1-8ACE-2348235458CA}
	EndGlobalSection
EndGlobal
