
Microsoft Visual Studio Solution File, Format Version 12.00
# Visual Studio Version 17
VisualStudioVersion = 17.1.32328.378
MinimumVisualStudioVersion = 10.0.40219.1
Project("{FAE04EC0-301F-11D3-BF4B-00C04F79EFBC}") = "ConsoleApp9", "ConsoleApp9\ConsoleApp9.csproj", "{7AB32DFF-E808-485C-89FC-10E1CC6BC5ED}"
EndProject
Project("{2150E333-8FDC-42A3-9474-1A3956D46DE8}") = "Solution Items", "Solution Items", "{7FAB4CAA-7BEB-46B1-B759-BB6ADA7E0013}"
EndProject
Global
	GlobalSection(SolutionConfigurationPlatforms) = preSolution
		Debug|Any CPU = Debug|Any CPU
		Release|Any CPU = Release|Any CPU
	EndGlobalSection
	GlobalSection(ProjectConfigurationPlatforms) = postSolution
		{7AB32DFF-E808-485C-89FC-10E1CC6BC5ED}.Debug|Any CPU.ActiveCfg = Debug|Any CPU
		{7AB32DFF-E808-485C-89FC-10E1CC6BC5ED}.Debug|Any CPU.Build.0 = Debug|Any CPU
		{7AB32DFF-E808-485C-89FC-10E1CC6BC5ED}.Release|Any CPU.ActiveCfg = Release|Any CPU
		{7AB32DFF-E808-485C-89FC-10E1CC6BC5ED}.Release|Any CPU.Build.0 = Release|Any CPU
	EndGlobalSection
	GlobalSection(SolutionProperties) = preSolution
		HideSolutionNode = FALSE
	EndGlobalSection
	GlobalSection(ExtensibilityGlobals) = postSolution
		SolutionGuid = {E8168393-B161-4CDD-83CF-077AB7225800}
	EndGlobalSection
EndGlobal
